{
    "version": 3,
    "terraform_version": "0.10.4",
    "serial": 12,
    "lineage": "2f68a4df-e57d-4f45-bc6f-e53ddc2c2336",
    "modules": [
        {
            "path": [
                "root"
            ],
            "outputs": {},
            "resources": {
                "data.scaleway_image.debian8": {
                    "type": "scaleway_image",
                    "depends_on": [],
                    "primary": {
                        "id": "5fc9990a-d274-49b8-afac-42af22b42a71",
                        "attributes": {
                            "architecture": "x86_64",
                            "creation_date": "2016-04-06T15:31:30.517197+00:00",
                            "id": "5fc9990a-d274-49b8-afac-42af22b42a71",
                            "name": "Debian Jessie (8.2 latest)",
                            "organization": "abaeb1aa-760b-4391-aeab-c0622be90abf",
                            "public": "true"
                        },
                        "meta": {},
                        "tainted": false
                    },
                    "deposed": [],
                    "provider": ""
                },
                "data.scaleway_image.docker": {
                    "type": "scaleway_image",
                    "depends_on": [],
                    "primary": {
                        "id": "d0c50b37-f0f5-4924-97b0-1fd40c457efe",
                        "attributes": {
                            "architecture": "x86_64",
                            "creation_date": "2016-10-24T15:52:27.766562+00:00",
                            "id": "d0c50b37-f0f5-4924-97b0-1fd40c457efe",
                            "name": "Docker 1.12.2",
                            "organization": "abaeb1aa-760b-4391-aeab-c0622be90abf",
                            "public": "true"
                        },
                        "meta": {},
                        "tainted": false
                    },
                    "deposed": [],
                    "provider": ""
                },
                "data.scaleway_image.ubuntu16": {
                    "type": "scaleway_image",
                    "depends_on": [],
                    "primary": {
                        "id": "89457135-d446-41ba-a8df-d53e5bb54710",
                        "attributes": {
                            "architecture": "x86_64",
                            "creation_date": "2017-01-05T10:01:28.406069+00:00",
                            "id": "89457135-d446-41ba-a8df-d53e5bb54710",
                            "name": "Ubuntu Xenial (16.04 latest)",
                            "organization": "abaeb1aa-760b-4391-aeab-c0622be90abf",
                            "public": "true"
                        },
                        "meta": {},
                        "tainted": false
                    },
                    "deposed": [],
                    "provider": ""
                },
                "scaleway_server.server": {
                    "type": "scaleway_server",
                    "depends_on": [
                        "data.scaleway_image.docker"
                    ],
                    "primary": {
                        "id": "90b0ca3e-8967-48be-81c5-828870177d4b",
                        "attributes": {
                            "dynamic_ip_required": "true",
                            "enable_ipv6": "false",
                            "id": "90b0ca3e-8967-48be-81c5-828870177d4b",
                            "image": "d0c50b37-f0f5-4924-97b0-1fd40c457efe",
                            "name": "test",
                            "private_ip": "10.3.5.201",
                            "public_ip": "51.15.192.91",
                            "state": "running",
                            "state_detail": "booted",
                            "tags.#": "0",
                            "type": "VC1M",
                            "volume.#": "1",
                            "volume.0.size_in_gb": "50",
                            "volume.0.type": "l_ssd",
                            "volume.0.volume_id": "a979f405-9af0-41e3-8668-9e7362d04920"
                        },
                        "meta": {},
                        "tainted": false
                    },
                    "deposed": [],
                    "provider": ""
                }
            },
            "depends_on": []
        }
    ]
}
