{
    "version": 3,
    "terraform_version": "0.10.4",
    "serial": 15,
    "lineage": "75e26247-a4f3-4cdf-85c3-1f7b8eaeb31b",
    "modules": [
        {
            "path": [
                "root"
            ],
            "outputs": {
                "ec2_public_ip": {
                    "sensitive": false,
                    "type": "string",
                    "value": "54.171.138.22"
                }
            },
            "resources": {
                "aws_instance.ec2": {
                    "type": "aws_instance",
                    "depends_on": [
                        "aws_key_pair.deployer",
                        "aws_security_group.allow_other_ports",
                        "aws_security_group.allow_ssh",
                        "data.aws_ami.ubuntu16",
                        "data.aws_security_group.default_sg"
                    ],
                    "primary": {
                        "id": "i-0b0dd809047365657",
                        "attributes": {
                            "ami": "ami-17d11e6e",
                            "associate_public_ip_address": "true",
                            "availability_zone": "eu-west-1a",
                            "disable_api_termination": "false",
                            "ebs_block_device.#": "0",
                            "ebs_optimized": "false",
                            "ephemeral_block_device.#": "0",
                            "iam_instance_profile": "",
                            "id": "i-0b0dd809047365657",
                            "instance_state": "running",
                            "instance_type": "t2.micro",
                            "ipv6_addresses.#": "0",
                            "key_name": "deployer-key",
                            "monitoring": "false",
                            "network_interface.#": "0",
                            "network_interface_id": "eni-b7c280b6",
                            "primary_network_interface_id": "eni-b7c280b6",
                            "private_dns": "ip-172-31-35-164.eu-west-1.compute.internal",
                            "private_ip": "172.31.35.164",
                            "public_dns": "ec2-54-171-138-22.eu-west-1.compute.amazonaws.com",
                            "public_ip": "54.171.138.22",
                            "root_block_device.#": "1",
                            "root_block_device.0.delete_on_termination": "true",
                            "root_block_device.0.iops": "100",
                            "root_block_device.0.volume_size": "8",
                            "root_block_device.0.volume_type": "gp2",
                            "security_groups.#": "3",
                            "security_groups.1454479838": "allow_ssh",
                            "security_groups.2106182985": "allow_other_ports",
                            "security_groups.3814588639": "default",
                            "source_dest_check": "true",
                            "subnet_id": "subnet-f204d3a9",
                            "tags.%": "1",
                            "tags.Name": "test",
                            "tenancy": "default",
                            "volume_tags.%": "0",
                            "vpc_security_group_ids.#": "0"
                        },
                        "meta": {
                            "e2bfb730-ecaa-11e6-8f88-34363bc7c4c0": {
                                "create": 600000000000,
                                "delete": 600000000000,
                                "update": 600000000000
                            },
                            "schema_version": "1"
                        },
                        "tainted": false
                    },
                    "deposed": [],
                    "provider": ""
                },
                "aws_key_pair.deployer": {
                    "type": "aws_key_pair",
                    "depends_on": [],
                    "primary": {
                        "id": "deployer-key",
                        "attributes": {
                            "id": "deployer-key",
                            "key_name": "deployer-key",
                            "public_key": "ssh-rsa AAAAB3NzaC1yc2EAAAADAQABAAABAQDihlYyUy+yLV7qspj8uYEGBL8mLSvvgAQoM5OXeMJ0J2vVbBs/+oeRQkG/I4cymqOphjtLFMwmGRNtUWg7jQ/6ASLsh4grCS1Zf/hwBtAC0llvHX6zzg8jWeKglET5Ef7fPHJb6VOLepJdotHkYnG00XMMI5tu5fjGi7+eGNAl4GhTzv7aq/SloFRO4vX4N9fzllUKJNL/Sac+qyJzyzo3sNuc5QlxgPwnIeP06pm679yx2uE5pjik2YTSUZe5w5lzYjVlsHYqXAqfd4mWAdnIYNHo+CZDV5MfsA1RSQeBSg7m84sTOl0bzT15+Elye5Xj0HzSPD0JJhmfuD+AAUAJ test@aws"
                        },
                        "meta": {
                            "schema_version": "1"
                        },
                        "tainted": false
                    },
                    "deposed": [],
                    "provider": ""
                },
                "aws_security_group.allow_other_ports": {
                    "type": "aws_security_group",
                    "depends_on": [],
                    "primary": {
                        "id": "sg-1bdeda63",
                        "attributes": {
                            "description": "Allow web,.. inbound traffic",
                            "egress.#": "0",
                            "id": "sg-1bdeda63",
                            "ingress.#": "1",
                            "ingress.2214680975.cidr_blocks.#": "1",
                            "ingress.2214680975.cidr_blocks.0": "0.0.0.0/0",
                            "ingress.2214680975.from_port": "80",
                            "ingress.2214680975.ipv6_cidr_blocks.#": "0",
                            "ingress.2214680975.protocol": "tcp",
                            "ingress.2214680975.security_groups.#": "0",
                            "ingress.2214680975.self": "false",
                            "ingress.2214680975.to_port": "80",
                            "name": "allow_other_ports",
                            "owner_id": "272254077723",
                            "tags.%": "1",
                            "tags.Name": "allow_web_ports",
                            "vpc_id": "vpc-cad241ad"
                        },
                        "meta": {},
                        "tainted": false
                    },
                    "deposed": [],
                    "provider": ""
                },
                "aws_security_group.allow_ssh": {
                    "type": "aws_security_group",
                    "depends_on": [],
                    "primary": {
                        "id": "sg-5be4e023",
                        "attributes": {
                            "description": "Allow ssh inbound traffic",
                            "egress.#": "0",
                            "id": "sg-5be4e023",
                            "ingress.#": "1",
                            "ingress.2541437006.cidr_blocks.#": "1",
                            "ingress.2541437006.cidr_blocks.0": "0.0.0.0/0",
                            "ingress.2541437006.from_port": "22",
                            "ingress.2541437006.ipv6_cidr_blocks.#": "0",
                            "ingress.2541437006.protocol": "tcp",
                            "ingress.2541437006.security_groups.#": "0",
                            "ingress.2541437006.self": "false",
                            "ingress.2541437006.to_port": "22",
                            "name": "allow_ssh",
                            "owner_id": "272254077723",
                            "tags.%": "1",
                            "tags.Name": "allow_ssh",
                            "vpc_id": "vpc-cad241ad"
                        },
                        "meta": {},
                        "tainted": false
                    },
                    "deposed": [],
                    "provider": ""
                },
                "data.aws_ami.debian8": {
                    "type": "aws_ami",
                    "depends_on": [],
                    "primary": {
                        "id": "ami-402f1a33",
                        "attributes": {
                            "architecture": "x86_64",
                            "block_device_mappings.#": "1",
                            "block_device_mappings.340275815.device_name": "/dev/xvda",
                            "block_device_mappings.340275815.ebs.%": "6",
                            "block_device_mappings.340275815.ebs.delete_on_termination": "true",
                            "block_device_mappings.340275815.ebs.encrypted": "false",
                            "block_device_mappings.340275815.ebs.iops": "0",
                            "block_device_mappings.340275815.ebs.snapshot_id": "snap-24b26142",
                            "block_device_mappings.340275815.ebs.volume_size": "8",
                            "block_device_mappings.340275815.ebs.volume_type": "gp2",
                            "block_device_mappings.340275815.no_device": "",
                            "block_device_mappings.340275815.virtual_name": "",
                            "creation_date": "2017-01-15T12:44:47.000Z",
                            "description": "Debian jessie amd64",
                            "filter.#": "4",
                            "filter.1281954306.name": "root-device-type",
                            "filter.1281954306.values.#": "1",
                            "filter.1281954306.values.0": "ebs",
                            "filter.1830438222.name": "name",
                            "filter.1830438222.values.#": "1",
                            "filter.1830438222.values.0": "debian-jessie*",
                            "filter.3386043752.name": "architecture",
                            "filter.3386043752.values.#": "1",
                            "filter.3386043752.values.0": "x86_64",
                            "filter.490168357.name": "virtualization-type",
                            "filter.490168357.values.#": "1",
                            "filter.490168357.values.0": "hvm",
                            "hypervisor": "xen",
                            "id": "ami-402f1a33",
                            "image_id": "ami-402f1a33",
                            "image_location": "379101102735/debian-jessie-amd64-hvm-2017-01-15-1221-ebs",
                            "image_type": "machine",
                            "most_recent": "true",
                            "name": "debian-jessie-amd64-hvm-2017-01-15-1221-ebs",
                            "owner_id": "379101102735",
                            "owners.#": "1",
                            "owners.0": "379101102735",
                            "product_codes.#": "0",
                            "public": "true",
                            "root_device_name": "/dev/xvda",
                            "root_device_type": "ebs",
                            "sriov_net_support": "simple",
                            "state": "available",
                            "state_reason.%": "2",
                            "state_reason.code": "UNSET",
                            "state_reason.message": "UNSET",
                            "tags.#": "0",
                            "virtualization_type": "hvm"
                        },
                        "meta": {},
                        "tainted": false
                    },
                    "deposed": [],
                    "provider": ""
                },
                "data.aws_ami.ubuntu16": {
                    "type": "aws_ami",
                    "depends_on": [],
                    "primary": {
                        "id": "ami-17d11e6e",
                        "attributes": {
                            "architecture": "x86_64",
                            "block_device_mappings.#": "3",
                            "block_device_mappings.1634610537.device_name": "/dev/sdb",
                            "block_device_mappings.1634610537.ebs.%": "0",
                            "block_device_mappings.1634610537.no_device": "",
                            "block_device_mappings.1634610537.virtual_name": "ephemeral0",
                            "block_device_mappings.2547816212.device_name": "/dev/sda1",
                            "block_device_mappings.2547816212.ebs.%": "6",
                            "block_device_mappings.2547816212.ebs.delete_on_termination": "true",
                            "block_device_mappings.2547816212.ebs.encrypted": "false",
                            "block_device_mappings.2547816212.ebs.iops": "0",
                            "block_device_mappings.2547816212.ebs.snapshot_id": "snap-05d06dc5b34b5236b",
                            "block_device_mappings.2547816212.ebs.volume_size": "8",
                            "block_device_mappings.2547816212.ebs.volume_type": "gp2",
                            "block_device_mappings.2547816212.no_device": "",
                            "block_device_mappings.2547816212.virtual_name": "",
                            "block_device_mappings.3850042718.device_name": "/dev/sdc",
                            "block_device_mappings.3850042718.ebs.%": "0",
                            "block_device_mappings.3850042718.no_device": "",
                            "block_device_mappings.3850042718.virtual_name": "ephemeral1",
                            "creation_date": "2017-09-21T21:20:20.000Z",
                            "description": "Canonical, Ubuntu, 16.04 LTS, amd64 xenial image build on 2017-09-19",
                            "filter.#": "4",
                            "filter.1281954306.name": "root-device-type",
                            "filter.1281954306.values.#": "1",
                            "filter.1281954306.values.0": "ebs",
                            "filter.3386043752.name": "architecture",
                            "filter.3386043752.values.#": "1",
                            "filter.3386043752.values.0": "x86_64",
                            "filter.3930750151.name": "name",
                            "filter.3930750151.values.#": "1",
                            "filter.3930750151.values.0": "*16.04*",
                            "filter.490168357.name": "virtualization-type",
                            "filter.490168357.values.#": "1",
                            "filter.490168357.values.0": "hvm",
                            "hypervisor": "xen",
                            "id": "ami-17d11e6e",
                            "image_id": "ami-17d11e6e",
                            "image_location": "099720109477/ubuntu/images/hvm-ssd/ubuntu-xenial-16.04-amd64-server-20170919",
                            "image_type": "machine",
                            "most_recent": "true",
                            "name": "ubuntu/images/hvm-ssd/ubuntu-xenial-16.04-amd64-server-20170919",
                            "owner_id": "099720109477",
                            "owners.#": "1",
                            "owners.0": "099720109477",
                            "product_codes.#": "0",
                            "public": "true",
                            "root_device_name": "/dev/sda1",
                            "root_device_type": "ebs",
                            "sriov_net_support": "simple",
                            "state": "available",
                            "state_reason.%": "2",
                            "state_reason.code": "UNSET",
                            "state_reason.message": "UNSET",
                            "tags.#": "0",
                            "virtualization_type": "hvm"
                        },
                        "meta": {},
                        "tainted": false
                    },
                    "deposed": [],
                    "provider": ""
                },
                "data.aws_security_group.default_sg": {
                    "type": "aws_security_group",
                    "depends_on": [],
                    "primary": {
                        "id": "sg-e095fa98",
                        "attributes": {
                            "arn": "arn:aws:ec2:eu-west-1:272254077723:security-group/sg-e095fa98",
                            "id": "sg-e095fa98",
                            "name": "default",
                            "tags.%": "0",
                            "vpc_id": "vpc-cad241ad"
                        },
                        "meta": {},
                        "tainted": false
                    },
                    "deposed": [],
                    "provider": ""
                }
            },
            "depends_on": []
        }
    ]
}
