{
    "version": 3,
    "terraform_version": "0.9.11",
    "serial": 12,
    "lineage": "75e26247-a4f3-4cdf-85c3-1f7b8eaeb31b",
    "modules": [
        {
            "path": [
                "root"
            ],
            "outputs": {},
            "resources": {
                "aws_instance.vpn": {
                    "type": "aws_instance",
                    "depends_on": [
                        "aws_key_pair.deployer",
                        "aws_security_group.allow_ssh",
                        "aws_security_group.allow_vpn_ports",
                        "data.aws_ami.debian8",
                        "data.aws_security_group.default_sg"
                    ],
                    "primary": {
                        "id": "i-08dc7f7ed43ef0502",
                        "attributes": {
                            "ami": "ami-b2795cd7",
                            "associate_public_ip_address": "true",
                            "availability_zone": "us-east-2c",
                            "disable_api_termination": "false",
                            "ebs_block_device.#": "0",
                            "ebs_optimized": "false",
                            "ephemeral_block_device.#": "0",
                            "iam_instance_profile": "",
                            "id": "i-08dc7f7ed43ef0502",
                            "instance_state": "running",
                            "instance_type": "t2.micro",
                            "ipv6_addresses.#": "0",
                            "key_name": "deployer-key",
                            "monitoring": "false",
                            "network_interface.#": "0",
                            "network_interface_id": "eni-4cfab264",
                            "primary_network_interface_id": "eni-4cfab264",
                            "private_dns": "ip-172-31-32-215.us-east-2.compute.internal",
                            "private_ip": "172.31.32.215",
                            "public_dns": "ec2-18-220-179-238.us-east-2.compute.amazonaws.com",
                            "public_ip": "18.220.179.238",
                            "root_block_device.#": "1",
                            "root_block_device.0.delete_on_termination": "true",
                            "root_block_device.0.iops": "100",
                            "root_block_device.0.volume_size": "8",
                            "root_block_device.0.volume_type": "gp2",
                            "security_groups.#": "0",
                            "source_dest_check": "true",
                            "subnet_id": "subnet-d7b7649a",
                            "tags.%": "2",
                            "tags.Env": "test",
                            "tags.Name": "VPN",
                            "tenancy": "default",
                            "volume_tags.%": "0",
                            "vpc_security_group_ids.#": "3",
                            "vpc_security_group_ids.1542578186": "sg-cef604a6",
                            "vpc_security_group_ids.3189480956": "sg-1e131977",
                            "vpc_security_group_ids.810227219": "sg-5e748936"
                        },
                        "meta": {
                            "e2bfb730-ecaa-11e6-8f88-34363bc7c4c0": {
                                "create": 600000000000,
                                "delete": 600000000000,
                                "update": 600000000000
                            },
                            "schema_version": "1"
                        },
                        "tainted": false
                    },
                    "deposed": [],
                    "provider": ""
                },
                "aws_key_pair.deployer": {
                    "type": "aws_key_pair",
                    "depends_on": [],
                    "primary": {
                        "id": "deployer-key",
                        "attributes": {
                            "fingerprint": "01:75:36:8c:f1:0b:b9:2a:1e:1c:be:a4:19:43:be:79",
                            "id": "deployer-key",
                            "key_name": "deployer-key",
                            "public_key": "ssh-rsa AAAAB3NzaC1yc2EAAAADAQABAAABAQDihlYyUy+yLV7qspj8uYEGBL8mLSvvgAQoM5OXeMJ0J2vVbBs/+oeRQkG/I4cymqOphjtLFMwmGRNtUWg7jQ/6ASLsh4grCS1Zf/hwBtAC0llvHX6zzg8jWeKglET5Ef7fPHJb6VOLepJdotHkYnG00XMMI5tu5fjGi7+eGNAl4GhTzv7aq/SloFRO4vX4N9fzllUKJNL/Sac+qyJzyzo3sNuc5QlxgPwnIeP06pm679yx2uE5pjik2YTSUZe5w5lzYjVlsHYqXAqfd4mWAdnIYNHo+CZDV5MfsA1RSQeBSg7m84sTOl0bzT15+Elye5Xj0HzSPD0JJhmfuD+AAUAJ test@aws"
                        },
                        "meta": {
                            "schema_version": "1"
                        },
                        "tainted": false
                    },
                    "deposed": [],
                    "provider": ""
                },
                "aws_security_group.allow_ssh": {
                    "type": "aws_security_group",
                    "depends_on": [],
                    "primary": {
                        "id": "sg-cef604a6",
                        "attributes": {
                            "description": "Allow ssh inbound traffic",
                            "egress.#": "0",
                            "id": "sg-cef604a6",
                            "ingress.#": "1",
                            "ingress.2541437006.cidr_blocks.#": "1",
                            "ingress.2541437006.cidr_blocks.0": "0.0.0.0/0",
                            "ingress.2541437006.from_port": "22",
                            "ingress.2541437006.ipv6_cidr_blocks.#": "0",
                            "ingress.2541437006.protocol": "tcp",
                            "ingress.2541437006.security_groups.#": "0",
                            "ingress.2541437006.self": "false",
                            "ingress.2541437006.to_port": "22",
                            "name": "allow_ssh",
                            "owner_id": "272254077723",
                            "tags.%": "1",
                            "tags.Name": "allow_ssh",
                            "vpc_id": "vpc-3d95e554"
                        },
                        "meta": {},
                        "tainted": false
                    },
                    "deposed": [],
                    "provider": ""
                },
                "aws_security_group.allow_vpn_ports": {
                    "type": "aws_security_group",
                    "depends_on": [],
                    "primary": {
                        "id": "sg-5e748936",
                        "attributes": {
                            "description": "Allow ssh inbound traffic",
                            "egress.#": "0",
                            "id": "sg-5e748936",
                            "ingress.#": "1",
                            "ingress.4178520169.cidr_blocks.#": "1",
                            "ingress.4178520169.cidr_blocks.0": "0.0.0.0/0",
                            "ingress.4178520169.from_port": "1194",
                            "ingress.4178520169.ipv6_cidr_blocks.#": "0",
                            "ingress.4178520169.protocol": "udp",
                            "ingress.4178520169.security_groups.#": "0",
                            "ingress.4178520169.self": "false",
                            "ingress.4178520169.to_port": "1194",
                            "name": "allow_vpn_ports",
                            "owner_id": "272254077723",
                            "tags.%": "1",
                            "tags.Name": "allow_vpn_ports",
                            "vpc_id": "vpc-3d95e554"
                        },
                        "meta": {},
                        "tainted": false
                    },
                    "deposed": [],
                    "provider": ""
                },
                "data.aws_ami.debian8": {
                    "type": "aws_ami",
                    "depends_on": [],
                    "primary": {
                        "id": "ami-b2795cd7",
                        "attributes": {
                            "architecture": "x86_64",
                            "block_device_mappings.#": "1",
                            "block_device_mappings.340275815.device_name": "/dev/xvda",
                            "block_device_mappings.340275815.ebs.%": "6",
                            "block_device_mappings.340275815.ebs.delete_on_termination": "true",
                            "block_device_mappings.340275815.ebs.encrypted": "false",
                            "block_device_mappings.340275815.ebs.iops": "0",
                            "block_device_mappings.340275815.ebs.snapshot_id": "snap-65f64894",
                            "block_device_mappings.340275815.ebs.volume_size": "8",
                            "block_device_mappings.340275815.ebs.volume_type": "gp2",
                            "block_device_mappings.340275815.no_device": "",
                            "block_device_mappings.340275815.virtual_name": "",
                            "creation_date": "2017-01-15T12:44:43.000Z",
                            "description": "Debian jessie amd64",
                            "filter.#": "4",
                            "filter.1281954306.name": "root-device-type",
                            "filter.1281954306.values.#": "1",
                            "filter.1281954306.values.0": "ebs",
                            "filter.3386043752.name": "architecture",
                            "filter.3386043752.values.#": "1",
                            "filter.3386043752.values.0": "x86_64",
                            "filter.3486751580.name": "name",
                            "filter.3486751580.values.#": "1",
                            "filter.3486751580.values.0": "debian-jessie-*",
                            "filter.490168357.name": "virtualization-type",
                            "filter.490168357.values.#": "1",
                            "filter.490168357.values.0": "hvm",
                            "hypervisor": "xen",
                            "id": "ami-b2795cd7",
                            "image_id": "ami-b2795cd7",
                            "image_location": "379101102735/debian-jessie-amd64-hvm-2017-01-15-1221-ebs",
                            "image_type": "machine",
                            "most_recent": "true",
                            "name": "debian-jessie-amd64-hvm-2017-01-15-1221-ebs",
                            "owner_id": "379101102735",
                            "owners.#": "1",
                            "owners.0": "379101102735",
                            "product_codes.#": "0",
                            "public": "true",
                            "root_device_name": "/dev/xvda",
                            "root_device_type": "ebs",
                            "sriov_net_support": "simple",
                            "state": "available",
                            "state_reason.%": "2",
                            "state_reason.code": "UNSET",
                            "state_reason.message": "UNSET",
                            "tags.#": "0",
                            "virtualization_type": "hvm"
                        },
                        "meta": {},
                        "tainted": false
                    },
                    "deposed": [],
                    "provider": ""
                },
                "data.aws_security_group.default_sg": {
                    "type": "aws_security_group",
                    "depends_on": [],
                    "primary": {
                        "id": "sg-1e131977",
                        "attributes": {
                            "arn": "arn:aws:ec2:us-east-2:272254077723/security-group/sg-1e131977",
                            "id": "sg-1e131977",
                            "name": "default",
                            "tags.%": "0",
                            "vpc_id": "vpc-3d95e554"
                        },
                        "meta": {},
                        "tainted": false
                    },
                    "deposed": [],
                    "provider": ""
                }
            },
            "depends_on": []
        }
    ]
}
